
Microsoft Visual Studio Solution File, Format Version 12.00
# Visual Studio Version 16
VisualStudioVersion = 16.0.30717.126
MinimumVisualStudioVersion = 10.0.40219.1
Project("{FAE04EC0-301F-11D3-BF4B-00C04F79EFBC}") = "TestNetCoreApp", "TestNetCoreApp\TestNetCoreApp.csproj", "{1788FBE7-1603-4D85-B094-B248B589376A}"
EndProject
Global
	GlobalSection(SolutionConfigurationPlatforms) = preSolution
		Debug|Any CPU = Debug|Any CPU
		Release|Any CPU = Release|Any CPU
	EndGlobalSection
	GlobalSection(ProjectConfigurationPlatforms) = postSolution
		{1788FBE7-1603-4D85-B094-B248B589376A}.Debug|Any CPU.ActiveCfg = Debug|Any CPU
		{1788FBE7-1603-4D85-B094-B248B589376A}.Debug|Any CPU.Build.0 = Debug|Any CPU
		{1788FBE7-1603-4D85-B094-B248B589376A}.Release|Any CPU.ActiveCfg = Release|Any CPU
		{1788FBE7-1603-4D85-B094-B248B589376A}.Release|Any CPU.Build.0 = Release|Any CPU
	EndGlobalSection
	GlobalSection(SolutionProperties) = preSolution
		HideSolutionNode = FALSE
	EndGlobalSection
	GlobalSection(ExtensibilityGlobals) = postSolution
		SolutionGuid = {BDBB25E4-4BF7-4143-9524-5DC62F49909E}
	EndGlobalSection
EndGlobal
